
Microsoft Visual Studio Solution File, Format Version 12.00
# Visual Studio Version 16
VisualStudioVersion = 16.0.30011.22
MinimumVisualStudioVersion = 10.0.40219.1
Project("{FAE04EC0-301F-11D3-BF4B-00C04F79EFBC}") = "CarInsuranceAppMVC", "CarInsuranceAppMVC.csproj", "{EACCF5B2-0C06-4213-906F-BC4DDBCD6C8A}"
EndProject
Global
	GlobalSection(SolutionConfigurationPlatforms) = preSolution
		Debug|Any CPU = Debug|Any CPU
		Release|Any CPU = Release|Any CPU
	EndGlobalSection
	GlobalSection(ProjectConfigurationPlatforms) = postSolution
		{EACCF5B2-0C06-4213-906F-BC4DDBCD6C8A}.Debug|Any CPU.ActiveCfg = Debug|Any CPU
		{EACCF5B2-0C06-4213-906F-BC4DDBCD6C8A}.Debug|Any CPU.Build.0 = Debug|Any CPU
		{EACCF5B2-0C06-4213-906F-BC4DDBCD6C8A}.Release|Any CPU.ActiveCfg = Release|Any CPU
		{EACCF5B2-0C06-4213-906F-BC4DDBCD6C8A}.Release|Any CPU.Build.0 = Release|Any CPU
	EndGlobalSection
	GlobalSection(SolutionProperties) = preSolution
		HideSolutionNode = FALSE
	EndGlobalSection
	GlobalSection(ExtensibilityGlobals) = postSolution
		SolutionGuid = {6DAA398C-3E40-4EF1-BB60-D67B667EB1B0}
	EndGlobalSection
EndGlobal
